
Microsoft Visual Studio Solution File, Format Version 12.00
# Visual Studio Version 16
VisualStudioVersion = 16.0.30011.22
MinimumVisualStudioVersion = 10.0.40219.1
Project("{FAE04EC0-301F-11D3-BF4B-00C04F79EFBC}") = "zadacha3", "zadacha3\zadacha3.csproj", "{38AAB0D1-4E25-4035-BF5A-E9F3EE2247AA}"
EndProject
Global
	GlobalSection(SolutionConfigurationPlatforms) = preSolution
		Debug|Any CPU = Debug|Any CPU
		Release|Any CPU = Release|Any CPU
	EndGlobalSection
	GlobalSection(ProjectConfigurationPlatforms) = postSolution
		{38AAB0D1-4E25-4035-BF5A-E9F3EE2247AA}.Debug|Any CPU.ActiveCfg = Debug|Any CPU
		{38AAB0D1-4E25-4035-BF5A-E9F3EE2247AA}.Debug|Any CPU.Build.0 = Debug|Any CPU
		{38AAB0D1-4E25-4035-BF5A-E9F3EE2247AA}.Release|Any CPU.ActiveCfg = Release|Any CPU
		{38AAB0D1-4E25-4035-BF5A-E9F3EE2247AA}.Release|Any CPU.Build.0 = Release|Any CPU
	EndGlobalSection
	GlobalSection(SolutionProperties) = preSolution
		HideSolutionNode = FALSE
	EndGlobalSection
	GlobalSection(ExtensibilityGlobals) = postSolution
		SolutionGuid = {6464CF1D-09C4-48D8-99E6-068BFA2C807C}
	EndGlobalSection
EndGlobal
