
Microsoft Visual Studio Solution File, Format Version 12.00
# Visual Studio Version 16
VisualStudioVersion = 16.0.30011.22
MinimumVisualStudioVersion = 10.0.40219.1
Project("{FAE04EC0-301F-11D3-BF4B-00C04F79EFBC}") = "zadacha2UnitTests", "zadacha2UnitTests\zadacha2UnitTests.csproj", "{9B34A7CF-E397-432E-8D5B-0AF819A9C214}"
EndProject
Project("{FAE04EC0-301F-11D3-BF4B-00C04F79EFBC}") = "zadacha2UnitTestsTests", "zadacha2UnitTestsTests\zadacha2UnitTestsTests.csproj", "{B235043E-07E9-44C6-8824-4C99630C4451}"
EndProject
Global
	GlobalSection(SolutionConfigurationPlatforms) = preSolution
		Debug|Any CPU = Debug|Any CPU
		Release|Any CPU = Release|Any CPU
	EndGlobalSection
	GlobalSection(ProjectConfigurationPlatforms) = postSolution
		{9B34A7CF-E397-432E-8D5B-0AF819A9C214}.Debug|Any CPU.ActiveCfg = Debug|Any CPU
		{9B34A7CF-E397-432E-8D5B-0AF819A9C214}.Debug|Any CPU.Build.0 = Debug|Any CPU
		{9B34A7CF-E397-432E-8D5B-0AF819A9C214}.Release|Any CPU.ActiveCfg = Release|Any CPU
		{9B34A7CF-E397-432E-8D5B-0AF819A9C214}.Release|Any CPU.Build.0 = Release|Any CPU
		{B235043E-07E9-44C6-8824-4C99630C4451}.Debug|Any CPU.ActiveCfg = Debug|Any CPU
		{B235043E-07E9-44C6-8824-4C99630C4451}.Debug|Any CPU.Build.0 = Debug|Any CPU
		{B235043E-07E9-44C6-8824-4C99630C4451}.Release|Any CPU.ActiveCfg = Release|Any CPU
		{B235043E-07E9-44C6-8824-4C99630C4451}.Release|Any CPU.Build.0 = Release|Any CPU
	EndGlobalSection
	GlobalSection(SolutionProperties) = preSolution
		HideSolutionNode = FALSE
	EndGlobalSection
	GlobalSection(ExtensibilityGlobals) = postSolution
		SolutionGuid = {8716CA69-B84D-4676-96D6-A9B4809FC814}
	EndGlobalSection
EndGlobal
