
Microsoft Visual Studio Solution File, Format Version 12.00
# Visual Studio Version 16
VisualStudioVersion = 16.0.30011.22
MinimumVisualStudioVersion = 10.0.40219.1
Project("{FAE04EC0-301F-11D3-BF4B-00C04F79EFBC}") = "zadacha1", "zadacha1\zadacha1.csproj", "{052A216E-A927-455D-8A1D-B65DE84920C3}"
EndProject
Global
	GlobalSection(SolutionConfigurationPlatforms) = preSolution
		Debug|Any CPU = Debug|Any CPU
		Release|Any CPU = Release|Any CPU
	EndGlobalSection
	GlobalSection(ProjectConfigurationPlatforms) = postSolution
		{052A216E-A927-455D-8A1D-B65DE84920C3}.Debug|Any CPU.ActiveCfg = Debug|Any CPU
		{052A216E-A927-455D-8A1D-B65DE84920C3}.Debug|Any CPU.Build.0 = Debug|Any CPU
		{052A216E-A927-455D-8A1D-B65DE84920C3}.Release|Any CPU.ActiveCfg = Release|Any CPU
		{052A216E-A927-455D-8A1D-B65DE84920C3}.Release|Any CPU.Build.0 = Release|Any CPU
	EndGlobalSection
	GlobalSection(SolutionProperties) = preSolution
		HideSolutionNode = FALSE
	EndGlobalSection
	GlobalSection(ExtensibilityGlobals) = postSolution
		SolutionGuid = {089411F4-6989-42C1-B858-4598E64DF037}
	EndGlobalSection
EndGlobal
