
Microsoft Visual Studio Solution File, Format Version 12.00
# Visual Studio Version 16
VisualStudioVersion = 16.0.30011.22
MinimumVisualStudioVersion = 10.0.40219.1
Project("{FAE04EC0-301F-11D3-BF4B-00C04F79EFBC}") = "zadacha6", "zadacha6\zadacha6.csproj", "{D006B5E1-CE05-4827-AAB8-1F8E729DE5D1}"
EndProject
Global
	GlobalSection(SolutionConfigurationPlatforms) = preSolution
		Debug|Any CPU = Debug|Any CPU
		Release|Any CPU = Release|Any CPU
	EndGlobalSection
	GlobalSection(ProjectConfigurationPlatforms) = postSolution
		{D006B5E1-CE05-4827-AAB8-1F8E729DE5D1}.Debug|Any CPU.ActiveCfg = Debug|Any CPU
		{D006B5E1-CE05-4827-AAB8-1F8E729DE5D1}.Debug|Any CPU.Build.0 = Debug|Any CPU
		{D006B5E1-CE05-4827-AAB8-1F8E729DE5D1}.Release|Any CPU.ActiveCfg = Release|Any CPU
		{D006B5E1-CE05-4827-AAB8-1F8E729DE5D1}.Release|Any CPU.Build.0 = Release|Any CPU
	EndGlobalSection
	GlobalSection(SolutionProperties) = preSolution
		HideSolutionNode = FALSE
	EndGlobalSection
	GlobalSection(ExtensibilityGlobals) = postSolution
		SolutionGuid = {1C274B37-9F1A-4326-9D43-B130F6CB5BE5}
	EndGlobalSection
EndGlobal
