
Microsoft Visual Studio Solution File, Format Version 12.00
# Visual Studio Version 16
VisualStudioVersion = 16.0.30011.22
MinimumVisualStudioVersion = 10.0.40219.1
Project("{FAE04EC0-301F-11D3-BF4B-00C04F79EFBC}") = "Zad3.5", "Zad3.5\Zad3.5.csproj", "{AA03AB40-D1D2-4ABF-B448-7A7707AFEE2D}"
EndProject
Global
	GlobalSection(SolutionConfigurationPlatforms) = preSolution
		Debug|Any CPU = Debug|Any CPU
		Release|Any CPU = Release|Any CPU
	EndGlobalSection
	GlobalSection(ProjectConfigurationPlatforms) = postSolution
		{AA03AB40-D1D2-4ABF-B448-7A7707AFEE2D}.Debug|Any CPU.ActiveCfg = Debug|Any CPU
		{AA03AB40-D1D2-4ABF-B448-7A7707AFEE2D}.Debug|Any CPU.Build.0 = Debug|Any CPU
		{AA03AB40-D1D2-4ABF-B448-7A7707AFEE2D}.Release|Any CPU.ActiveCfg = Release|Any CPU
		{AA03AB40-D1D2-4ABF-B448-7A7707AFEE2D}.Release|Any CPU.Build.0 = Release|Any CPU
	EndGlobalSection
	GlobalSection(SolutionProperties) = preSolution
		HideSolutionNode = FALSE
	EndGlobalSection
	GlobalSection(ExtensibilityGlobals) = postSolution
		SolutionGuid = {5063BDC6-B855-434D-921E-3B6FB0E66A85}
	EndGlobalSection
EndGlobal
